
Microsoft Visual Studio Solution File, Format Version 12.00
# Visual Studio 15
VisualStudioVersion = 15.0.26430.12
MinimumVisualStudioVersion = 10.0.40219.1
Project("{FAE04EC0-301F-11D3-BF4B-00C04F79EFBC}") = "SerialCommunication.LoopBack", "SerialCommunication.LoopBack\SerialCommunication.LoopBack.csproj", "{52F25F2F-7BB8-4974-A410-B8623694615A}"
EndProject
Project("{FAE04EC0-301F-11D3-BF4B-00C04F79EFBC}") = "SerialCommunication.Common", "SerialCommunication.Common\SerialCommunication.Common.csproj", "{DA3B468B-0BDC-47DC-8666-32AF9BB8C929}"
EndProject
Project("{FAE04EC0-301F-11D3-BF4B-00C04F79EFBC}") = "SerialCommunication.Blinky", "SerialCommunication.Blinky\SerialCommunication.Blinky.csproj", "{B650A6EB-FC19-4CCB-8401-7FF37AEBCD34}"
EndProject
Project("{FAE04EC0-301F-11D3-BF4B-00C04F79EFBC}") = "SerialCommunication.Master", "SerialCommunication.Master\SerialCommunication.Master.csproj", "{F3EB7B40-95E3-489F-B889-9D4016A5FE72}"
EndProject
Global
	GlobalSection(SolutionConfigurationPlatforms) = preSolution
		Debug|Any CPU = Debug|Any CPU
		Debug|ARM = Debug|ARM
		Debug|x64 = Debug|x64
		Debug|x86 = Debug|x86
		Release|Any CPU = Release|Any CPU
		Release|ARM = Release|ARM
		Release|x64 = Release|x64
		Release|x86 = Release|x86
	EndGlobalSection
	GlobalSection(ProjectConfigurationPlatforms) = postSolution
		{52F25F2F-7BB8-4974-A410-B8623694615A}.Debug|Any CPU.ActiveCfg = Debug|x86
		{52F25F2F-7BB8-4974-A410-B8623694615A}.Debug|ARM.ActiveCfg = Debug|ARM
		{52F25F2F-7BB8-4974-A410-B8623694615A}.Debug|ARM.Build.0 = Debug|ARM
		{52F25F2F-7BB8-4974-A410-B8623694615A}.Debug|ARM.Deploy.0 = Debug|ARM
		{52F25F2F-7BB8-4974-A410-B8623694615A}.Debug|x64.ActiveCfg = Debug|x64
		{52F25F2F-7BB8-4974-A410-B8623694615A}.Debug|x64.Build.0 = Debug|x64
		{52F25F2F-7BB8-4974-A410-B8623694615A}.Debug|x64.Deploy.0 = Debug|x64
		{52F25F2F-7BB8-4974-A410-B8623694615A}.Debug|x86.ActiveCfg = Debug|x86
		{52F25F2F-7BB8-4974-A410-B8623694615A}.Debug|x86.Build.0 = Debug|x86
		{52F25F2F-7BB8-4974-A410-B8623694615A}.Debug|x86.Deploy.0 = Debug|x86
		{52F25F2F-7BB8-4974-A410-B8623694615A}.Release|Any CPU.ActiveCfg = Release|x86
		{52F25F2F-7BB8-4974-A410-B8623694615A}.Release|ARM.ActiveCfg = Release|ARM
		{52F25F2F-7BB8-4974-A410-B8623694615A}.Release|ARM.Build.0 = Release|ARM
		{52F25F2F-7BB8-4974-A410-B8623694615A}.Release|ARM.Deploy.0 = Release|ARM
		{52F25F2F-7BB8-4974-A410-B8623694615A}.Release|x64.ActiveCfg = Release|x64
		{52F25F2F-7BB8-4974-A410-B8623694615A}.Release|x64.Build.0 = Release|x64
		{52F25F2F-7BB8-4974-A410-B8623694615A}.Release|x64.Deploy.0 = Release|x64
		{52F25F2F-7BB8-4974-A410-B8623694615A}.Release|x86.ActiveCfg = Release|x86
		{52F25F2F-7BB8-4974-A410-B8623694615A}.Release|x86.Build.0 = Release|x86
		{52F25F2F-7BB8-4974-A410-B8623694615A}.Release|x86.Deploy.0 = Release|x86
		{DA3B468B-0BDC-47DC-8666-32AF9BB8C929}.Debug|Any CPU.ActiveCfg = Debug|Any CPU
		{DA3B468B-0BDC-47DC-8666-32AF9BB8C929}.Debug|Any CPU.Build.0 = Debug|Any CPU
		{DA3B468B-0BDC-47DC-8666-32AF9BB8C929}.Debug|ARM.ActiveCfg = Debug|ARM
		{DA3B468B-0BDC-47DC-8666-32AF9BB8C929}.Debug|ARM.Build.0 = Debug|ARM
		{DA3B468B-0BDC-47DC-8666-32AF9BB8C929}.Debug|x64.ActiveCfg = Debug|x64
		{DA3B468B-0BDC-47DC-8666-32AF9BB8C929}.Debug|x64.Build.0 = Debug|x64
		{DA3B468B-0BDC-47DC-8666-32AF9BB8C929}.Debug|x86.ActiveCfg = Debug|x86
		{DA3B468B-0BDC-47DC-8666-32AF9BB8C929}.Debug|x86.Build.0 = Debug|x86
		{DA3B468B-0BDC-47DC-8666-32AF9BB8C929}.Release|Any CPU.ActiveCfg = Release|Any CPU
		{DA3B468B-0BDC-47DC-8666-32AF9BB8C929}.Release|Any CPU.Build.0 = Release|Any CPU
		{DA3B468B-0BDC-47DC-8666-32AF9BB8C929}.Release|ARM.ActiveCfg = Release|ARM
		{DA3B468B-0BDC-47DC-8666-32AF9BB8C929}.Release|ARM.Build.0 = Release|ARM
		{DA3B468B-0BDC-47DC-8666-32AF9BB8C929}.Release|x64.ActiveCfg = Release|x64
		{DA3B468B-0BDC-47DC-8666-32AF9BB8C929}.Release|x64.Build.0 = Release|x64
		{DA3B468B-0BDC-47DC-8666-32AF9BB8C929}.Release|x86.ActiveCfg = Release|x86
		{DA3B468B-0BDC-47DC-8666-32AF9BB8C929}.Release|x86.Build.0 = Release|x86
		{B650A6EB-FC19-4CCB-8401-7FF37AEBCD34}.Debug|Any CPU.ActiveCfg = Debug|x86
		{B650A6EB-FC19-4CCB-8401-7FF37AEBCD34}.Debug|ARM.ActiveCfg = Debug|ARM
		{B650A6EB-FC19-4CCB-8401-7FF37AEBCD34}.Debug|ARM.Build.0 = Debug|ARM
		{B650A6EB-FC19-4CCB-8401-7FF37AEBCD34}.Debug|ARM.Deploy.0 = Debug|ARM
		{B650A6EB-FC19-4CCB-8401-7FF37AEBCD34}.Debug|x64.ActiveCfg = Debug|x64
		{B650A6EB-FC19-4CCB-8401-7FF37AEBCD34}.Debug|x64.Build.0 = Debug|x64
		{B650A6EB-FC19-4CCB-8401-7FF37AEBCD34}.Debug|x64.Deploy.0 = Debug|x64
		{B650A6EB-FC19-4CCB-8401-7FF37AEBCD34}.Debug|x86.ActiveCfg = Debug|x86
		{B650A6EB-FC19-4CCB-8401-7FF37AEBCD34}.Debug|x86.Build.0 = Debug|x86
		{B650A6EB-FC19-4CCB-8401-7FF37AEBCD34}.Debug|x86.Deploy.0 = Debug|x86
		{B650A6EB-FC19-4CCB-8401-7FF37AEBCD34}.Release|Any CPU.ActiveCfg = Release|x86
		{B650A6EB-FC19-4CCB-8401-7FF37AEBCD34}.Release|ARM.ActiveCfg = Release|ARM
		{B650A6EB-FC19-4CCB-8401-7FF37AEBCD34}.Release|ARM.Build.0 = Release|ARM
		{B650A6EB-FC19-4CCB-8401-7FF37AEBCD34}.Release|ARM.Deploy.0 = Release|ARM
		{B650A6EB-FC19-4CCB-8401-7FF37AEBCD34}.Release|x64.ActiveCfg = Release|x64
		{B650A6EB-FC19-4CCB-8401-7FF37AEBCD34}.Release|x64.Build.0 = Release|x64
		{B650A6EB-FC19-4CCB-8401-7FF37AEBCD34}.Release|x64.Deploy.0 = Release|x64
		{B650A6EB-FC19-4CCB-8401-7FF37AEBCD34}.Release|x86.ActiveCfg = Release|x86
		{B650A6EB-FC19-4CCB-8401-7FF37AEBCD34}.Release|x86.Build.0 = Release|x86
		{B650A6EB-FC19-4CCB-8401-7FF37AEBCD34}.Release|x86.Deploy.0 = Release|x86
		{F3EB7B40-95E3-489F-B889-9D4016A5FE72}.Debug|Any CPU.ActiveCfg = Debug|x86
		{F3EB7B40-95E3-489F-B889-9D4016A5FE72}.Debug|ARM.ActiveCfg = Debug|ARM
		{F3EB7B40-95E3-489F-B889-9D4016A5FE72}.Debug|ARM.Build.0 = Debug|ARM
		{F3EB7B40-95E3-489F-B889-9D4016A5FE72}.Debug|ARM.Deploy.0 = Debug|ARM
		{F3EB7B40-95E3-489F-B889-9D4016A5FE72}.Debug|x64.ActiveCfg = Debug|x64
		{F3EB7B40-95E3-489F-B889-9D4016A5FE72}.Debug|x64.Build.0 = Debug|x64
		{F3EB7B40-95E3-489F-B889-9D4016A5FE72}.Debug|x64.Deploy.0 = Debug|x64
		{F3EB7B40-95E3-489F-B889-9D4016A5FE72}.Debug|x86.ActiveCfg = Debug|x86
		{F3EB7B40-95E3-489F-B889-9D4016A5FE72}.Debug|x86.Build.0 = Debug|x86
		{F3EB7B40-95E3-489F-B889-9D4016A5FE72}.Debug|x86.Deploy.0 = Debug|x86
		{F3EB7B40-95E3-489F-B889-9D4016A5FE72}.Release|Any CPU.ActiveCfg = Release|x86
		{F3EB7B40-95E3-489F-B889-9D4016A5FE72}.Release|ARM.ActiveCfg = Release|ARM
		{F3EB7B40-95E3-489F-B889-9D4016A5FE72}.Release|ARM.Build.0 = Release|ARM
		{F3EB7B40-95E3-489F-B889-9D4016A5FE72}.Release|ARM.Deploy.0 = Release|ARM
		{F3EB7B40-95E3-489F-B889-9D4016A5FE72}.Release|x64.ActiveCfg = Release|x64
		{F3EB7B40-95E3-489F-B889-9D4016A5FE72}.Release|x64.Build.0 = Release|x64
		{F3EB7B40-95E3-489F-B889-9D4016A5FE72}.Release|x64.Deploy.0 = Release|x64
		{F3EB7B40-95E3-489F-B889-9D4016A5FE72}.Release|x86.ActiveCfg = Release|x86
		{F3EB7B40-95E3-489F-B889-9D4016A5FE72}.Release|x86.Build.0 = Release|x86
		{F3EB7B40-95E3-489F-B889-9D4016A5FE72}.Release|x86.Deploy.0 = Release|x86
	EndGlobalSection
	GlobalSection(SolutionProperties) = preSolution
		HideSolutionNode = FALSE
	EndGlobalSection
EndGlobal
